
Microsoft Visual Studio Solution File, Format Version 12.00
# Visual Studio 15
VisualStudioVersion = 15.0.28010.2048
MinimumVisualStudioVersion = 10.0.40219.1
Project("{FAE04EC0-301F-11D3-BF4B-00C04F79EFBC}") = "MvcExpressAdmin", "MvcExpressAdmin\MvcExpressAdmin.csproj", "{B903790F-1257-409A-8472-A7E9C794D32D}"
EndProject
Global
	GlobalSection(SolutionConfigurationPlatforms) = preSolution
		Debug|Any CPU = Debug|Any CPU
		Release|Any CPU = Release|Any CPU
	EndGlobalSection
	GlobalSection(ProjectConfigurationPlatforms) = postSolution
		{B903790F-1257-409A-8472-A7E9C794D32D}.Debug|Any CPU.ActiveCfg = Debug|Any CPU
		{B903790F-1257-409A-8472-A7E9C794D32D}.Debug|Any CPU.Build.0 = Debug|Any CPU
		{B903790F-1257-409A-8472-A7E9C794D32D}.Release|Any CPU.ActiveCfg = Release|Any CPU
		{B903790F-1257-409A-8472-A7E9C794D32D}.Release|Any CPU.Build.0 = Release|Any CPU
	EndGlobalSection
	GlobalSection(SolutionProperties) = preSolution
		HideSolutionNode = FALSE
	EndGlobalSection
	GlobalSection(ExtensibilityGlobals) = postSolution
		SolutionGuid = {BC84C75E-E0D8-445F-8FEB-AE8F58169411}
	EndGlobalSection
EndGlobal
